
Microsoft Visual Studio Solution File, Format Version 12.00
# Visual Studio Version 16
VisualStudioVersion = 16.0.30804.86
MinimumVisualStudioVersion = 10.0.40219.1
Project("{FAE04EC0-301F-11D3-BF4B-00C04F79EFBC}") = "Backend-Vuelos", "Backend-Vuelos\Backend-Vuelos.csproj", "{92CFED64-BB84-4FAB-B664-7803CDDBB9CE}"
EndProject
Global
	GlobalSection(SolutionConfigurationPlatforms) = preSolution
		Debug|Any CPU = Debug|Any CPU
		Release|Any CPU = Release|Any CPU
	EndGlobalSection
	GlobalSection(ProjectConfigurationPlatforms) = postSolution
		{92CFED64-BB84-4FAB-B664-7803CDDBB9CE}.Debug|Any CPU.ActiveCfg = Debug|Any CPU
		{92CFED64-BB84-4FAB-B664-7803CDDBB9CE}.Debug|Any CPU.Build.0 = Debug|Any CPU
		{92CFED64-BB84-4FAB-B664-7803CDDBB9CE}.Release|Any CPU.ActiveCfg = Release|Any CPU
		{92CFED64-BB84-4FAB-B664-7803CDDBB9CE}.Release|Any CPU.Build.0 = Release|Any CPU
	EndGlobalSection
	GlobalSection(SolutionProperties) = preSolution
		HideSolutionNode = FALSE
	EndGlobalSection
	GlobalSection(ExtensibilityGlobals) = postSolution
		SolutionGuid = {2D8D3D26-D3A5-48D6-BE21-0BD4DC43D687}
	EndGlobalSection
EndGlobal
